---
lockfile_version: 1
depends:
- name: child
  resolved_source:
    path: "/Users/anthonyrees/src/inspec/inspec_wrapper_with_input/child"
  version_constraints: []
- name: child2
  resolved_source:
    path: "/Users/anthonyrees/src/inspec/inspec_wrapper_with_input/child2"
  version_constraints: []
